// !$*UTF8*$!
{
	archiveVersion = 1;
	classes = {
	};
	objectVersion = 77;
	objects = {

/* Begin PBXBuildFile section */
		1B40AF8E2EA83DEE0090F1F8 /* Auth0 in Frameworks */ = {isa = PBXBuildFile; productRef = 1B40AF8D2EA83DEE0090F1F8 /* Auth0 */; };
		1B8132C12EA7137A00583728 /* SwiftPhoenixClient in Frameworks */ = {isa = PBXBuildFile; productRef = 1B8132C02EA7137A00583728 /* SwiftPhoenixClient */; };
		1B8132C42EA7138E00583728 /* SQLite in Frameworks */ = {isa = PBXBuildFile; productRef = 1B8132C32EA7138E00583728 /* SQLite */; };
		1BBB77A12EAEEE6A00AFFFFC /* globalbridge.mp4 in Resources */ = {isa = PBXBuildFile; fileRef = 1BBB77A02EAEEE6A00AFFFFC /* globalbridge.mp4 */; };
/* End PBXBuildFile section */

/* Begin PBXContainerItemProxy section */
		1B60EBB92EAC568D007790F2 /* PBXContainerItemProxy */ = {
			isa = PBXContainerItemProxy;
			containerPortal = 1B8132732EA70FB200583728 /* Project object */;
			proxyType = 1;
			remoteGlobalIDString = 1B81327A2EA70FB200583728;
			remoteInfo = GlobalBridge;
		};
/* End PBXContainerItemProxy section */

/* Begin PBXFileReference section */
		1B60EBB52EAC568D007790F2 /* GlobalBridgeTests.xctest */ = {isa = PBXFileReference; explicitFileType = wrapper.cfbundle; includeInIndex = 0; path = GlobalBridgeTests.xctest; sourceTree = BUILT_PRODUCTS_DIR; };
		1B81327B2EA70FB200583728 /* GlobalBridge.app */ = {isa = PBXFileReference; explicitFileType = wrapper.application; includeInIndex = 0; path = GlobalBridge.app; sourceTree = BUILT_PRODUCTS_DIR; };
		1BBB77A02EAEEE6A00AFFFFC /* globalbridge.mp4 */ = {isa = PBXFileReference; lastKnownFileType = file; path = globalbridge.mp4; sourceTree = "<group>"; };
/* End PBXFileReference section */

/* Begin PBXFileSystemSynchronizedBuildFileExceptionSet section */
		1B40AF902EA846F10090F1F8 /* Exceptions for "GlobalBridge" folder in "GlobalBridge" target */ = {
			isa = PBXFileSystemSynchronizedBuildFileExceptionSet;
			membershipExceptions = (
				Info.plist,
			);
			target = 1B81327A2EA70FB200583728 /* GlobalBridge */;
		};
/* End PBXFileSystemSynchronizedBuildFileExceptionSet section */

/* Begin PBXFileSystemSynchronizedRootGroup section */
		1B60EBB62EAC568D007790F2 /* GlobalBridgeTests */ = {
			isa = PBXFileSystemSynchronizedRootGroup;
			path = GlobalBridgeTests;
			sourceTree = "<group>";
		};
		1B81327D2EA70FB200583728 /* GlobalBridge */ = {
			isa = PBXFileSystemSynchronizedRootGroup;
			exceptions = (
				1B40AF902EA846F10090F1F8 /* Exceptions for "GlobalBridge" folder in "GlobalBridge" target */,
			);
			path = GlobalBridge;
			sourceTree = "<group>";
		};
		1B8132BA2EA7131000583728 /* Core */ = {
			isa = PBXFileSystemSynchronizedRootGroup;
			path = Core;
			sourceTree = "<group>";
		};
		1B8132BE2EA7133100583728 /* Features */ = {
			isa = PBXFileSystemSynchronizedRootGroup;
			path = Features;
			sourceTree = "<group>";
		};
		1B8132CA2EA8000000583728 /* UI */ = {
			isa = PBXFileSystemSynchronizedRootGroup;
			path = UI;
			sourceTree = "<group>";
		};
/* End PBXFileSystemSynchronizedRootGroup section */

/* Begin PBXFrameworksBuildPhase section */
		1B60EBB22EAC568D007790F2 /* Frameworks */ = {
			isa = PBXFrameworksBuildPhase;
			buildActionMask = 2147483647;
			files = (
			);
			runOnlyForDeploymentPostprocessing = 0;
		};
		1B8132782EA70FB200583728 /* Frameworks */ = {
			isa = PBXFrameworksBuildPhase;
			buildActionMask = 2147483647;
			files = (
				1B40AF8E2EA83DEE0090F1F8 /* Auth0 in Frameworks */,
				1B8132C42EA7138E00583728 /* SQLite in Frameworks */,
				1B8132C12EA7137A00583728 /* SwiftPhoenixClient in Frameworks */,
			);
			runOnlyForDeploymentPostprocessing = 0;
		};
/* End PBXFrameworksBuildPhase section */

/* Begin PBXGroup section */
		1B8132722EA70FB200583728 = {
			isa = PBXGroup;
			children = (
				1BBB77A02EAEEE6A00AFFFFC /* globalbridge.mp4 */,
				1B8132BE2EA7133100583728 /* Features */,
				1B81327D2EA70FB200583728 /* GlobalBridge */,
				1B8132BA2EA7131000583728 /* Core */,
				1B8132CA2EA8000000583728 /* UI */,
				1B60EBB62EAC568D007790F2 /* GlobalBridgeTests */,
				1B81327C2EA70FB200583728 /* Products */,
			);
			sourceTree = "<group>";
		};
		1B81327C2EA70FB200583728 /* Products */ = {
			isa = PBXGroup;
			children = (
				1B81327B2EA70FB200583728 /* GlobalBridge.app */,
				1B60EBB52EAC568D007790F2 /* GlobalBridgeTests.xctest */,
			);
			name = Products;
			sourceTree = "<group>";
		};
/* End PBXGroup section */

/* Begin PBXNativeTarget section */
		1B60EBB42EAC568D007790F2 /* GlobalBridgeTests */ = {
			isa = PBXNativeTarget;
			buildConfigurationList = 1B60EBBB2EAC568D007790F2 /* Build configuration list for PBXNativeTarget "GlobalBridgeTests" */;
			buildPhases = (
				1B60EBB12EAC568D007790F2 /* Sources */,
				1B60EBB22EAC568D007790F2 /* Frameworks */,
				1B60EBB32EAC568D007790F2 /* Resources */,
			);
			buildRules = (
			);
			dependencies = (
				1B60EBBA2EAC568D007790F2 /* PBXTargetDependency */,
			);
			fileSystemSynchronizedGroups = (
				1B60EBB62EAC568D007790F2 /* GlobalBridgeTests */,
			);
			name = GlobalBridgeTests;
			packageProductDependencies = (
			);
			productName = GlobalBridgeTests;
			productReference = 1B60EBB52EAC568D007790F2 /* GlobalBridgeTests.xctest */;
			productType = "com.apple.product-type.bundle.unit-test";
		};
		1B81327A2EA70FB200583728 /* GlobalBridge */ = {
			isa = PBXNativeTarget;
			buildConfigurationList = 1B8132862EA70FB400583728 /* Build configuration list for PBXNativeTarget "GlobalBridge" */;
			buildPhases = (
				1B8132772EA70FB200583728 /* Sources */,
				1B8132782EA70FB200583728 /* Frameworks */,
				1B8132792EA70FB200583728 /* Resources */,
			);
			buildRules = (
			);
			dependencies = (
			);
			fileSystemSynchronizedGroups = (
				1B81327D2EA70FB200583728 /* GlobalBridge */,
				1B8132BA2EA7131000583728 /* Core */,
				1B8132BE2EA7133100583728 /* Features */,
				1B8132CA2EA8000000583728 /* UI */,
			);
			name = GlobalBridge;
			packageProductDependencies = (
				1B8132C02EA7137A00583728 /* SwiftPhoenixClient */,
				1B8132C32EA7138E00583728 /* SQLite */,
				1B40AF8D2EA83DEE0090F1F8 /* Auth0 */,
			);
			productName = GlobalBridge;
			productReference = 1B81327B2EA70FB200583728 /* GlobalBridge.app */;
			productType = "com.apple.product-type.application";
		};
/* End PBXNativeTarget section */

/* Begin PBXProject section */
		1B8132732EA70FB200583728 /* Project object */ = {
			isa = PBXProject;
			attributes = {
				BuildIndependentTargetsInParallel = 1;
				LastSwiftUpdateCheck = 2600;
				LastUpgradeCheck = 2600;
				TargetAttributes = {
					1B60EBB42EAC568D007790F2 = {
						CreatedOnToolsVersion = 26.0.1;
						TestTargetID = 1B81327A2EA70FB200583728;
					};
					1B81327A2EA70FB200583728 = {
						CreatedOnToolsVersion = 26.0.1;
					};
				};
			};
			buildConfigurationList = 1B8132762EA70FB200583728 /* Build configuration list for PBXProject "GlobalBridge" */;
			developmentRegion = en;
			hasScannedForEncodings = 0;
			knownRegions = (
				en,
				Base,
			);
			mainGroup = 1B8132722EA70FB200583728;
			minimizedProjectReferenceProxies = 1;
			packageReferences = (
				1B8132BF2EA7137A00583728 /* XCRemoteSwiftPackageReference "SwiftPhoenixClient" */,
				1B8132C22EA7138E00583728 /* XCRemoteSwiftPackageReference "SQLite" */,
				1B40AF8C2EA83DEE0090F1F8 /* XCRemoteSwiftPackageReference "Auth0" */,
			);
			preferredProjectObjectVersion = 77;
			productRefGroup = 1B81327C2EA70FB200583728 /* Products */;
			projectDirPath = "";
			projectRoot = "";
			targets = (
				1B81327A2EA70FB200583728 /* GlobalBridge */,
				1B60EBB42EAC568D007790F2 /* GlobalBridgeTests */,
			);
		};
/* End PBXProject section */

/* Begin PBXResourcesBuildPhase section */
		1B60EBB32EAC568D007790F2 /* Resources */ = {
			isa = PBXResourcesBuildPhase;
			buildActionMask = 2147483647;
			files = (
			);
			runOnlyForDeploymentPostprocessing = 0;
		};
		1B8132792EA70FB200583728 /* Resources */ = {
			isa = PBXResourcesBuildPhase;
			buildActionMask = 2147483647;
			files = (
				1BBB77A12EAEEE6A00AFFFFC /* globalbridge.mp4 in Resources */,
			);
			runOnlyForDeploymentPostprocessing = 0;
		};
/* End PBXResourcesBuildPhase section */

/* Begin PBXSourcesBuildPhase section */
		1B60EBB12EAC568D007790F2 /* Sources */ = {
			isa = PBXSourcesBuildPhase;
			buildActionMask = 2147483647;
			files = (
			);
			runOnlyForDeploymentPostprocessing = 0;
		};
		1B8132772EA70FB200583728 /* Sources */ = {
			isa = PBXSourcesBuildPhase;
			buildActionMask = 2147483647;
			files = (
			);
			runOnlyForDeploymentPostprocessing = 0;
		};
/* End PBXSourcesBuildPhase section */

/* Begin PBXTargetDependency section */
		1B60EBBA2EAC568D007790F2 /* PBXTargetDependency */ = {
			isa = PBXTargetDependency;
			target = 1B81327A2EA70FB200583728 /* GlobalBridge */;
			targetProxy = 1B60EBB92EAC568D007790F2 /* PBXContainerItemProxy */;
		};
/* End PBXTargetDependency section */

/* Begin XCBuildConfiguration section */
		1B60EBBC2EAC568D007790F2 /* Debug */ = {
			isa = XCBuildConfiguration;
			buildSettings = {
				BUNDLE_LOADER = "$(TEST_HOST)";
				CODE_SIGN_STYLE = Automatic;
				CURRENT_PROJECT_VERSION = 1;
				DEVELOPMENT_TEAM = VW8QBW8A49;
				GENERATE_INFOPLIST_FILE = YES;
				IPHONEOS_DEPLOYMENT_TARGET = 26.0;
				MARKETING_VERSION = 1.0;
				PRODUCT_BUNDLE_IDENTIFIER = com.reubenbrooks.GlobalBridgeTests;
				PRODUCT_NAME = "$(TARGET_NAME)";
				STRING_CATALOG_GENERATE_SYMBOLS = NO;
				SWIFT_APPROACHABLE_CONCURRENCY = YES;
				SWIFT_EMIT_LOC_STRINGS = NO;
				SWIFT_UPCOMING_FEATURE_MEMBER_IMPORT_VISIBILITY = YES;
				SWIFT_VERSION = 5.0;
				TARGETED_DEVICE_FAMILY = "1,2";
				TEST_HOST = "$(BUILT_PRODUCTS_DIR)/GlobalBridge.app/$(BUNDLE_EXECUTABLE_FOLDER_PATH)/GlobalBridge";
			};
			name = Debug;
		};
		1B60EBBD2EAC568D007790F2 /* Release */ = {
			isa = XCBuildConfiguration;
			buildSettings = {
				BUNDLE_LOADER = "$(TEST_HOST)";
				CODE_SIGN_STYLE = Automatic;
				CURRENT_PROJECT_VERSION = 1;
				DEVELOPMENT_TEAM = VW8QBW8A49;
				GENERATE_INFOPLIST_FILE = YES;
				IPHONEOS_DEPLOYMENT_TARGET = 26.0;
				MARKETING_VERSION = 1.0;
				PRODUCT_BUNDLE_IDENTIFIER = com.reubenbrooks.GlobalBridgeTests;
				PRODUCT_NAME = "$(TARGET_NAME)";
				STRING_CATALOG_GENERATE_SYMBOLS = NO;
				SWIFT_APPROACHABLE_CONCURRENCY = YES;
				SWIFT_EMIT_LOC_STRINGS = NO;
				SWIFT_UPCOMING_FEATURE_MEMBER_IMPORT_VISIBILITY = YES;
				SWIFT_VERSION = 5.0;
				TARGETED_DEVICE_FAMILY = "1,2";
				TEST_HOST = "$(BUILT_PRODUCTS_DIR)/GlobalBridge.app/$(BUNDLE_EXECUTABLE_FOLDER_PATH)/GlobalBridge";
			};
			name = Release;
		};
		1B8132842EA70FB400583728 /* Debug */ = {
			isa = XCBuildConfiguration;
			buildSettings = {
				ALWAYS_SEARCH_USER_PATHS = NO;
				ASSETCATALOG_COMPILER_GENERATE_SWIFT_ASSET_SYMBOL_EXTENSIONS = YES;
				CLANG_ANALYZER_NONNULL = YES;
				CLANG_ANALYZER_NUMBER_OBJECT_CONVERSION = YES_AGGRESSIVE;
				CLANG_CXX_LANGUAGE_STANDARD = "gnu++20";
				CLANG_ENABLE_MODULES = YES;
				CLANG_ENABLE_OBJC_ARC = YES;
				CLANG_ENABLE_OBJC_WEAK = YES;
				CLANG_WARN_BLOCK_CAPTURE_AUTORELEASING = YES;
				CLANG_WARN_BOOL_CONVERSION = YES;
				CLANG_WARN_COMMA = YES;
				CLANG_WARN_CONSTANT_CONVERSION = YES;
				CLANG_WARN_DEPRECATED_OBJC_IMPLEMENTATIONS = YES;
				CLANG_WARN_DIRECT_OBJC_ISA_USAGE = YES_ERROR;
				CLANG_WARN_DOCUMENTATION_COMMENTS = YES;
				CLANG_WARN_EMPTY_BODY = YES;
				CLANG_WARN_ENUM_CONVERSION = YES;
				CLANG_WARN_INFINITE_RECURSION = YES;
				CLANG_WARN_INT_CONVERSION = YES;
				CLANG_WARN_NON_LITERAL_NULL_CONVERSION = YES;
				CLANG_WARN_OBJC_IMPLICIT_RETAIN_SELF = YES;
				CLANG_WARN_OBJC_LITERAL_CONVERSION = YES;
				CLANG_WARN_OBJC_ROOT_CLASS = YES_ERROR;
				CLANG_WARN_QUOTED_INCLUDE_IN_FRAMEWORK_HEADER = YES;
				CLANG_WARN_RANGE_LOOP_ANALYSIS = YES;
				CLANG_WARN_STRICT_PROTOTYPES = YES;
				CLANG_WARN_SUSPICIOUS_MOVE = YES;
				CLANG_WARN_UNGUARDED_AVAILABILITY = YES_AGGRESSIVE;
				CLANG_WARN_UNREACHABLE_CODE = YES;
				CLANG_WARN__DUPLICATE_METHOD_MATCH = YES;
				COPY_PHASE_STRIP = NO;
				DEBUG_INFORMATION_FORMAT = dwarf;
				ENABLE_STRICT_OBJC_MSGSEND = YES;
				ENABLE_TESTABILITY = YES;
				ENABLE_USER_SCRIPT_SANDBOXING = YES;
				GCC_C_LANGUAGE_STANDARD = gnu17;
				GCC_DYNAMIC_NO_PIC = NO;
				GCC_NO_COMMON_BLOCKS = YES;
				GCC_OPTIMIZATION_LEVEL = 0;
				GCC_PREPROCESSOR_DEFINITIONS = (
					"DEBUG=1",
					"$(inherited)",
				);
				GCC_WARN_64_TO_32_BIT_CONVERSION = YES;
				GCC_WARN_ABOUT_RETURN_TYPE = YES_ERROR;
				GCC_WARN_UNDECLARED_SELECTOR = YES;
				GCC_WARN_UNINITIALIZED_AUTOS = YES_AGGRESSIVE;
				GCC_WARN_UNUSED_FUNCTION = YES;
				GCC_WARN_UNUSED_VARIABLE = YES;
				IPHONEOS_DEPLOYMENT_TARGET = 18.6;
				LOCALIZATION_PREFERS_STRING_CATALOGS = YES;
				MTL_ENABLE_DEBUG_INFO = INCLUDE_SOURCE;
				MTL_FAST_MATH = YES;
				ONLY_ACTIVE_ARCH = YES;
				SDKROOT = iphoneos;
				SWIFT_ACTIVE_COMPILATION_CONDITIONS = "DEBUG $(inherited)";
				SWIFT_OPTIMIZATION_LEVEL = "-Onone";
			};
			name = Debug;
		};
		1B8132852EA70FB400583728 /* Release */ = {
			isa = XCBuildConfiguration;
			buildSettings = {
				ALWAYS_SEARCH_USER_PATHS = NO;
				ASSETCATALOG_COMPILER_GENERATE_SWIFT_ASSET_SYMBOL_EXTENSIONS = YES;
				CLANG_ANALYZER_NONNULL = YES;
				CLANG_ANALYZER_NUMBER_OBJECT_CONVERSION = YES_AGGRESSIVE;
				CLANG_CXX_LANGUAGE_STANDARD = "gnu++20";
				CLANG_ENABLE_MODULES = YES;
				CLANG_ENABLE_OBJC_ARC = YES;
				CLANG_ENABLE_OBJC_WEAK = YES;
				CLANG_WARN_BLOCK_CAPTURE_AUTORELEASING = YES;
				CLANG_WARN_BOOL_CONVERSION = YES;
				CLANG_WARN_COMMA = YES;
				CLANG_WARN_CONSTANT_CONVERSION = YES;
				CLANG_WARN_DEPRECATED_OBJC_IMPLEMENTATIONS = YES;
				CLANG_WARN_DIRECT_OBJC_ISA_USAGE = YES_ERROR;
				CLANG_WARN_DOCUMENTATION_COMMENTS = YES;
				CLANG_WARN_EMPTY_BODY = YES;
				CLANG_WARN_ENUM_CONVERSION = YES;
				CLANG_WARN_INFINITE_RECURSION = YES;
				CLANG_WARN_INT_CONVERSION = YES;
				CLANG_WARN_NON_LITERAL_NULL_CONVERSION = YES;
				CLANG_WARN_OBJC_IMPLICIT_RETAIN_SELF = YES;
				CLANG_WARN_OBJC_LITERAL_CONVERSION = YES;
				CLANG_WARN_OBJC_ROOT_CLASS = YES_ERROR;
				CLANG_WARN_QUOTED_INCLUDE_IN_FRAMEWORK_HEADER = YES;
				CLANG_WARN_RANGE_LOOP_ANALYSIS = YES;
				CLANG_WARN_STRICT_PROTOTYPES = YES;
				CLANG_WARN_SUSPICIOUS_MOVE = YES;
				CLANG_WARN_UNGUARDED_AVAILABILITY = YES_AGGRESSIVE;
				CLANG_WARN_UNREACHABLE_CODE = YES;
				CLANG_WARN__DUPLICATE_METHOD_MATCH = YES;
				COPY_PHASE_STRIP = NO;
				DEBUG_INFORMATION_FORMAT = "dwarf-with-dsym";
				ENABLE_NS_ASSERTIONS = NO;
				ENABLE_STRICT_OBJC_MSGSEND = YES;
				ENABLE_USER_SCRIPT_SANDBOXING = YES;
				GCC_C_LANGUAGE_STANDARD = gnu17;
				GCC_NO_COMMON_BLOCKS = YES;
				GCC_WARN_64_TO_32_BIT_CONVERSION = YES;
				GCC_WARN_ABOUT_RETURN_TYPE = YES_ERROR;
				GCC_WARN_UNDECLARED_SELECTOR = YES;
				GCC_WARN_UNINITIALIZED_AUTOS = YES_AGGRESSIVE;
				GCC_WARN_UNUSED_FUNCTION = YES;
				GCC_WARN_UNUSED_VARIABLE = YES;
				IPHONEOS_DEPLOYMENT_TARGET = 18.6;
				LOCALIZATION_PREFERS_STRING_CATALOGS = YES;
				MTL_ENABLE_DEBUG_INFO = NO;
				MTL_FAST_MATH = YES;
				SDKROOT = iphoneos;
				SWIFT_COMPILATION_MODE = wholemodule;
				VALIDATE_PRODUCT = YES;
			};
			name = Release;
		};
		1B8132872EA70FB400583728 /* Debug */ = {
			isa = XCBuildConfiguration;
			buildSettings = {
				ASSETCATALOG_COMPILER_APPICON_NAME = AppIcon;
				ASSETCATALOG_COMPILER_GLOBAL_ACCENT_COLOR_NAME = AccentColor;
				CODE_SIGN_ENTITLEMENTS = GlobalBridge/GlobalBridge.entitlements;
				CODE_SIGN_STYLE = Automatic;
				CURRENT_PROJECT_VERSION = 1;
				DEVELOPMENT_TEAM = VW8QBW8A49;
				ENABLE_PREVIEWS = YES;
				GENERATE_INFOPLIST_FILE = YES;
				INFOPLIST_FILE = GlobalBridge/Info.plist;
				INFOPLIST_KEY_UIApplicationSceneManifest_Generation = YES;
				INFOPLIST_KEY_UIApplicationSupportsIndirectInputEvents = YES;
				INFOPLIST_KEY_UILaunchScreen_Generation = YES;
				INFOPLIST_KEY_UISupportedInterfaceOrientations_iPad = "UIInterfaceOrientationPortrait UIInterfaceOrientationPortraitUpsideDown UIInterfaceOrientationLandscapeLeft UIInterfaceOrientationLandscapeRight";
				INFOPLIST_KEY_UISupportedInterfaceOrientations_iPhone = "UIInterfaceOrientationPortrait UIInterfaceOrientationLandscapeLeft UIInterfaceOrientationLandscapeRight";
				IPHONEOS_DEPLOYMENT_TARGET = 26.0;
				LD_RUNPATH_SEARCH_PATHS = (
					"$(inherited)",
					"@executable_path/Frameworks",
				);
				MARKETING_VERSION = 1.0;
				PRODUCT_BUNDLE_IDENTIFIER = name.reubenbrooks.globalbridge;
				PRODUCT_NAME = "$(TARGET_NAME)";
				STRING_CATALOG_GENERATE_SYMBOLS = YES;
				SWIFT_APPROACHABLE_CONCURRENCY = YES;
				SWIFT_DEFAULT_ACTOR_ISOLATION = MainActor;
				SWIFT_EMIT_LOC_STRINGS = YES;
				SWIFT_UPCOMING_FEATURE_MEMBER_IMPORT_VISIBILITY = YES;
				SWIFT_VERSION = 6.0;
				TARGETED_DEVICE_FAMILY = "1,2";
			};
			name = Debug;
		};
		1B8132882EA70FB400583728 /* Release */ = {
			isa = XCBuildConfiguration;
			buildSettings = {
				ASSETCATALOG_COMPILER_APPICON_NAME = AppIcon;
				ASSETCATALOG_COMPILER_GLOBAL_ACCENT_COLOR_NAME = AccentColor;
				CODE_SIGN_ENTITLEMENTS = GlobalBridge/GlobalBridge.entitlements;
				CODE_SIGN_STYLE = Automatic;
				CURRENT_PROJECT_VERSION = 1;
				DEVELOPMENT_TEAM = VW8QBW8A49;
				ENABLE_PREVIEWS = YES;
				GENERATE_INFOPLIST_FILE = YES;
				INFOPLIST_FILE = GlobalBridge/Info.plist;
				INFOPLIST_KEY_UIApplicationSceneManifest_Generation = YES;
				INFOPLIST_KEY_UIApplicationSupportsIndirectInputEvents = YES;
				INFOPLIST_KEY_UILaunchScreen_Generation = YES;
				INFOPLIST_KEY_UISupportedInterfaceOrientations_iPad = "UIInterfaceOrientationPortrait UIInterfaceOrientationPortraitUpsideDown UIInterfaceOrientationLandscapeLeft UIInterfaceOrientationLandscapeRight";
				INFOPLIST_KEY_UISupportedInterfaceOrientations_iPhone = "UIInterfaceOrientationPortrait UIInterfaceOrientationLandscapeLeft UIInterfaceOrientationLandscapeRight";
				IPHONEOS_DEPLOYMENT_TARGET = 26.0;
				LD_RUNPATH_SEARCH_PATHS = (
					"$(inherited)",
					"@executable_path/Frameworks",
				);
				MARKETING_VERSION = 1.0;
				PRODUCT_BUNDLE_IDENTIFIER = name.reubenbrooks.globalbridge;
				PRODUCT_NAME = "$(TARGET_NAME)";
				STRING_CATALOG_GENERATE_SYMBOLS = YES;
				SWIFT_APPROACHABLE_CONCURRENCY = YES;
				SWIFT_DEFAULT_ACTOR_ISOLATION = MainActor;
				SWIFT_EMIT_LOC_STRINGS = YES;
				SWIFT_UPCOMING_FEATURE_MEMBER_IMPORT_VISIBILITY = YES;
				SWIFT_VERSION = 6.0;
				TARGETED_DEVICE_FAMILY = "1,2";
			};
			name = Release;
		};
/* End XCBuildConfiguration section */

/* Begin XCConfigurationList section */
		1B60EBBB2EAC568D007790F2 /* Build configuration list for PBXNativeTarget "GlobalBridgeTests" */ = {
			isa = XCConfigurationList;
			buildConfigurations = (
				1B60EBBC2EAC568D007790F2 /* Debug */,
				1B60EBBD2EAC568D007790F2 /* Release */,
			);
			defaultConfigurationIsVisible = 0;
			defaultConfigurationName = Release;
		};
		1B8132762EA70FB200583728 /* Build configuration list for PBXProject "GlobalBridge" */ = {
			isa = XCConfigurationList;
			buildConfigurations = (
				1B8132842EA70FB400583728 /* Debug */,
				1B8132852EA70FB400583728 /* Release */,
			);
			defaultConfigurationIsVisible = 0;
			defaultConfigurationName = Release;
		};
		1B8132862EA70FB400583728 /* Build configuration list for PBXNativeTarget "GlobalBridge" */ = {
			isa = XCConfigurationList;
			buildConfigurations = (
				1B8132872EA70FB400583728 /* Debug */,
				1B8132882EA70FB400583728 /* Release */,
			);
			defaultConfigurationIsVisible = 0;
			defaultConfigurationName = Release;
		};
/* End XCConfigurationList section */

/* Begin XCRemoteSwiftPackageReference section */
		1B40AF8C2EA83DEE0090F1F8 /* XCRemoteSwiftPackageReference "Auth0" */ = {
			isa = XCRemoteSwiftPackageReference;
			repositoryURL = "https://github.com/auth0/Auth0.swift";
			requirement = {
				kind = upToNextMajorVersion;
				minimumVersion = 2.15.1;
			};
		};
		1B8132BF2EA7137A00583728 /* XCRemoteSwiftPackageReference "SwiftPhoenixClient" */ = {
			isa = XCRemoteSwiftPackageReference;
			repositoryURL = "https://github.com/davidstump/SwiftPhoenixClient";
			requirement = {
				kind = upToNextMajorVersion;
				minimumVersion = 5.3.5;
			};
		};
		1B8132C22EA7138E00583728 /* XCRemoteSwiftPackageReference "SQLite" */ = {
			isa = XCRemoteSwiftPackageReference;
			repositoryURL = "https://github.com/stephencelis/SQLite.swift";
			requirement = {
				kind = upToNextMajorVersion;
				minimumVersion = 0.15.4;
			};
		};
/* End XCRemoteSwiftPackageReference section */

/* Begin XCSwiftPackageProductDependency section */
		1B40AF8D2EA83DEE0090F1F8 /* Auth0 */ = {
			isa = XCSwiftPackageProductDependency;
			package = 1B40AF8C2EA83DEE0090F1F8 /* XCRemoteSwiftPackageReference "Auth0" */;
			productName = Auth0;
		};
		1B8132C02EA7137A00583728 /* SwiftPhoenixClient */ = {
			isa = XCSwiftPackageProductDependency;
			package = 1B8132BF2EA7137A00583728 /* XCRemoteSwiftPackageReference "SwiftPhoenixClient" */;
			productName = SwiftPhoenixClient;
		};
		1B8132C32EA7138E00583728 /* SQLite */ = {
			isa = XCSwiftPackageProductDependency;
			package = 1B8132C22EA7138E00583728 /* XCRemoteSwiftPackageReference "SQLite" */;
			productName = SQLite;
		};
/* End XCSwiftPackageProductDependency section */
	};
	rootObject = 1B8132732EA70FB200583728 /* Project object */;
}
